
Microsoft Visual Studio Solution File, Format Version 12.00
# Visual Studio 2013
VisualStudioVersion = 12.0.31101.0
MinimumVisualStudioVersion = 10.0.40219.1
Project("{8BC9CEB8-8B4A-11D0-8D11-00A0C91BC942}") = "sboxdplp", "sboxdplp\sboxdplp.vcxproj", "{BEE39D97-2051-4191-B4CA-95C1D9A60CF1}"
EndProject
Global
	GlobalSection(SolutionConfigurationPlatforms) = preSolution
		Debug|Win32 = Debug|Win32
		Release|Win32 = Release|Win32
	EndGlobalSection
	GlobalSection(ProjectConfigurationPlatforms) = postSolution
		{BEE39D97-2051-4191-B4CA-95C1D9A60CF1}.Debug|Win32.ActiveCfg = Debug|Win32
		{BEE39D97-2051-4191-B4CA-95C1D9A60CF1}.Debug|Win32.Build.0 = Debug|Win32
		{BEE39D97-2051-4191-B4CA-95C1D9A60CF1}.Release|Win32.ActiveCfg = Release|Win32
		{BEE39D97-2051-4191-B4CA-95C1D9A60CF1}.Release|Win32.Build.0 = Release|Win32
	EndGlobalSection
	GlobalSection(SolutionProperties) = preSolution
		HideSolutionNode = FALSE
	EndGlobalSection
EndGlobal
